// !$*UTF8*$!
{
	archiveVersion = 1;
	classes = {
	};
	objectVersion = 51;
	objects = {

/* Begin PBXBuildFile section */
		267EABDF2648473600EC1FE3 /* BottomPopupUtils.swift in Sources */ = {isa = PBXBuildFile; fileRef = 267EABD72648473600EC1FE3 /* BottomPopupUtils.swift */; };
		267EABE02648473600EC1FE3 /* BottomPopupViewController.swift in Sources */ = {isa = PBXBuildFile; fileRef = 267EABD82648473600EC1FE3 /* BottomPopupViewController.swift */; };
		267EABE12648473600EC1FE3 /* BottomPopupDismissInteractionController.swift in Sources */ = {isa = PBXBuildFile; fileRef = 267EABD92648473600EC1FE3 /* BottomPopupDismissInteractionController.swift */; };
		267EABE22648473600EC1FE3 /* BottomPopupNavigationController.swift in Sources */ = {isa = PBXBuildFile; fileRef = 267EABDA2648473600EC1FE3 /* BottomPopupNavigationController.swift */; };
		267EABE32648473600EC1FE3 /* BottomPopupDismissAnimator.swift in Sources */ = {isa = PBXBuildFile; fileRef = 267EABDB2648473600EC1FE3 /* BottomPopupDismissAnimator.swift */; };
		267EABE42648473600EC1FE3 /* BottomPopupPresentAnimator.swift in Sources */ = {isa = PBXBuildFile; fileRef = 267EABDC2648473600EC1FE3 /* BottomPopupPresentAnimator.swift */; };
		267EABE52648473600EC1FE3 /* BottomPopupTransitionHandler.swift in Sources */ = {isa = PBXBuildFile; fileRef = 267EABDD2648473600EC1FE3 /* BottomPopupTransitionHandler.swift */; };
		267EABE62648473600EC1FE3 /* BottomPopupPresentationController.swift in Sources */ = {isa = PBXBuildFile; fileRef = 267EABDE2648473600EC1FE3 /* BottomPopupPresentationController.swift */; };
		267EABE82648483600EC1FE3 /* RateViewController.swift in Sources */ = {isa = PBXBuildFile; fileRef = 267EABE72648483600EC1FE3 /* RateViewController.swift */; };
		267EABEA26484A8500EC1FE3 /* SwiftlySlider.swift in Sources */ = {isa = PBXBuildFile; fileRef = 267EABE926484A8500EC1FE3 /* SwiftlySlider.swift */; };
		26D7ED7026443EB8003F3425 /* AppDelegate.swift in Sources */ = {isa = PBXBuildFile; fileRef = 26D7ED6F26443EB8003F3425 /* AppDelegate.swift */; };
		26D7ED7226443EB8003F3425 /* SceneDelegate.swift in Sources */ = {isa = PBXBuildFile; fileRef = 26D7ED7126443EB8003F3425 /* SceneDelegate.swift */; };
		26D7ED7426443EB8003F3425 /* ViewController.swift in Sources */ = {isa = PBXBuildFile; fileRef = 26D7ED7326443EB8003F3425 /* ViewController.swift */; };
		26D7ED7726443EB8003F3425 /* Main.storyboard in Resources */ = {isa = PBXBuildFile; fileRef = 26D7ED7526443EB8003F3425 /* Main.storyboard */; };
		26D7ED7926443EB8003F3425 /* Assets.xcassets in Resources */ = {isa = PBXBuildFile; fileRef = 26D7ED7826443EB8003F3425 /* Assets.xcassets */; };
		26D7ED7C26443EB8003F3425 /* LaunchScreen.storyboard in Resources */ = {isa = PBXBuildFile; fileRef = 26D7ED7A26443EB8003F3425 /* LaunchScreen.storyboard */; };
		26D7ED8426444064003F3425 /* ModerateViewController.swift in Sources */ = {isa = PBXBuildFile; fileRef = 26D7ED8326444064003F3425 /* ModerateViewController.swift */; };
		26D7ED862644406B003F3425 /* TestViewController.swift in Sources */ = {isa = PBXBuildFile; fileRef = 26D7ED852644406B003F3425 /* TestViewController.swift */; };
		26D7ED8926444202003F3425 /* Message.swift in Sources */ = {isa = PBXBuildFile; fileRef = 26D7ED8726444202003F3425 /* Message.swift */; };
		26D7ED8A26444202003F3425 /* Chat.swift in Sources */ = {isa = PBXBuildFile; fileRef = 26D7ED8826444202003F3425 /* Chat.swift */; };
		AA8116B0DD689088C60524B6 /* Pods_NewsFeedBot.framework in Frameworks */ = {isa = PBXBuildFile; fileRef = 2F859A4DD3303508E6862FCD /* Pods_NewsFeedBot.framework */; };
/* End PBXBuildFile section */

/* Begin PBXFileReference section */
		267EABD72648473600EC1FE3 /* BottomPopupUtils.swift */ = {isa = PBXFileReference; fileEncoding = 4; lastKnownFileType = sourcecode.swift; path = BottomPopupUtils.swift; sourceTree = "<group>"; };
		267EABD82648473600EC1FE3 /* BottomPopupViewController.swift */ = {isa = PBXFileReference; fileEncoding = 4; lastKnownFileType = sourcecode.swift; path = BottomPopupViewController.swift; sourceTree = "<group>"; };
		267EABD92648473600EC1FE3 /* BottomPopupDismissInteractionController.swift */ = {isa = PBXFileReference; fileEncoding = 4; lastKnownFileType = sourcecode.swift; path = BottomPopupDismissInteractionController.swift; sourceTree = "<group>"; };
		267EABDA2648473600EC1FE3 /* BottomPopupNavigationController.swift */ = {isa = PBXFileReference; fileEncoding = 4; lastKnownFileType = sourcecode.swift; path = BottomPopupNavigationController.swift; sourceTree = "<group>"; };
		267EABDB2648473600EC1FE3 /* BottomPopupDismissAnimator.swift */ = {isa = PBXFileReference; fileEncoding = 4; lastKnownFileType = sourcecode.swift; path = BottomPopupDismissAnimator.swift; sourceTree = "<group>"; };
		267EABDC2648473600EC1FE3 /* BottomPopupPresentAnimator.swift */ = {isa = PBXFileReference; fileEncoding = 4; lastKnownFileType = sourcecode.swift; path = BottomPopupPresentAnimator.swift; sourceTree = "<group>"; };
		267EABDD2648473600EC1FE3 /* BottomPopupTransitionHandler.swift */ = {isa = PBXFileReference; fileEncoding = 4; lastKnownFileType = sourcecode.swift; path = BottomPopupTransitionHandler.swift; sourceTree = "<group>"; };
		267EABDE2648473600EC1FE3 /* BottomPopupPresentationController.swift */ = {isa = PBXFileReference; fileEncoding = 4; lastKnownFileType = sourcecode.swift; path = BottomPopupPresentationController.swift; sourceTree = "<group>"; };
		267EABE72648483600EC1FE3 /* RateViewController.swift */ = {isa = PBXFileReference; lastKnownFileType = sourcecode.swift; path = RateViewController.swift; sourceTree = "<group>"; };
		267EABE926484A8500EC1FE3 /* SwiftlySlider.swift */ = {isa = PBXFileReference; fileEncoding = 4; lastKnownFileType = sourcecode.swift; path = SwiftlySlider.swift; sourceTree = "<group>"; };
		26D7ED6C26443EB8003F3425 /* NewsFeedBot.app */ = {isa = PBXFileReference; explicitFileType = wrapper.application; includeInIndex = 0; path = NewsFeedBot.app; sourceTree = BUILT_PRODUCTS_DIR; };
		26D7ED6F26443EB8003F3425 /* AppDelegate.swift */ = {isa = PBXFileReference; lastKnownFileType = sourcecode.swift; path = AppDelegate.swift; sourceTree = "<group>"; };
		26D7ED7126443EB8003F3425 /* SceneDelegate.swift */ = {isa = PBXFileReference; lastKnownFileType = sourcecode.swift; path = SceneDelegate.swift; sourceTree = "<group>"; };
		26D7ED7326443EB8003F3425 /* ViewController.swift */ = {isa = PBXFileReference; lastKnownFileType = sourcecode.swift; path = ViewController.swift; sourceTree = "<group>"; };
		26D7ED7626443EB8003F3425 /* Base */ = {isa = PBXFileReference; lastKnownFileType = file.storyboard; name = Base; path = Base.lproj/Main.storyboard; sourceTree = "<group>"; };
		26D7ED7826443EB8003F3425 /* Assets.xcassets */ = {isa = PBXFileReference; lastKnownFileType = folder.assetcatalog; path = Assets.xcassets; sourceTree = "<group>"; };
		26D7ED7B26443EB8003F3425 /* Base */ = {isa = PBXFileReference; lastKnownFileType = file.storyboard; name = Base; path = Base.lproj/LaunchScreen.storyboard; sourceTree = "<group>"; };
		26D7ED7D26443EB8003F3425 /* Info.plist */ = {isa = PBXFileReference; lastKnownFileType = text.plist.xml; path = Info.plist; sourceTree = "<group>"; };
		26D7ED8326444064003F3425 /* ModerateViewController.swift */ = {isa = PBXFileReference; lastKnownFileType = sourcecode.swift; path = ModerateViewController.swift; sourceTree = "<group>"; };
		26D7ED852644406B003F3425 /* TestViewController.swift */ = {isa = PBXFileReference; lastKnownFileType = sourcecode.swift; path = TestViewController.swift; sourceTree = "<group>"; };
		26D7ED8726444202003F3425 /* Message.swift */ = {isa = PBXFileReference; fileEncoding = 4; lastKnownFileType = sourcecode.swift; path = Message.swift; sourceTree = "<group>"; };
		26D7ED8826444202003F3425 /* Chat.swift */ = {isa = PBXFileReference; fileEncoding = 4; lastKnownFileType = sourcecode.swift; path = Chat.swift; sourceTree = "<group>"; };
		2F859A4DD3303508E6862FCD /* Pods_NewsFeedBot.framework */ = {isa = PBXFileReference; explicitFileType = wrapper.framework; includeInIndex = 0; path = Pods_NewsFeedBot.framework; sourceTree = BUILT_PRODUCTS_DIR; };
		827C8D4C7B832BC6C762D507 /* Pods-NewsFeedBot.release.xcconfig */ = {isa = PBXFileReference; includeInIndex = 1; lastKnownFileType = text.xcconfig; name = "Pods-NewsFeedBot.release.xcconfig"; path = "Target Support Files/Pods-NewsFeedBot/Pods-NewsFeedBot.release.xcconfig"; sourceTree = "<group>"; };
		B204080E5C38D7B76567A532 /* Pods-NewsFeedBot.debug.xcconfig */ = {isa = PBXFileReference; includeInIndex = 1; lastKnownFileType = text.xcconfig; name = "Pods-NewsFeedBot.debug.xcconfig"; path = "Target Support Files/Pods-NewsFeedBot/Pods-NewsFeedBot.debug.xcconfig"; sourceTree = "<group>"; };
/* End PBXFileReference section */

/* Begin PBXFrameworksBuildPhase section */
		26D7ED6926443EB8003F3425 /* Frameworks */ = {
			isa = PBXFrameworksBuildPhase;
			buildActionMask = 2147483647;
			files = (
				AA8116B0DD689088C60524B6 /* Pods_NewsFeedBot.framework in Frameworks */,
			);
			runOnlyForDeploymentPostprocessing = 0;
		};
/* End PBXFrameworksBuildPhase section */

/* Begin PBXGroup section */
		166DF9B3C179B8B49B45A765 /* Frameworks */ = {
			isa = PBXGroup;
			children = (
				2F859A4DD3303508E6862FCD /* Pods_NewsFeedBot.framework */,
			);
			name = Frameworks;
			sourceTree = "<group>";
		};
		267EABD62648473600EC1FE3 /* BottomPopupController */ = {
			isa = PBXGroup;
			children = (
				267EABD72648473600EC1FE3 /* BottomPopupUtils.swift */,
				267EABD82648473600EC1FE3 /* BottomPopupViewController.swift */,
				267EABD92648473600EC1FE3 /* BottomPopupDismissInteractionController.swift */,
				267EABDA2648473600EC1FE3 /* BottomPopupNavigationController.swift */,
				267EABDB2648473600EC1FE3 /* BottomPopupDismissAnimator.swift */,
				267EABDC2648473600EC1FE3 /* BottomPopupPresentAnimator.swift */,
				267EABDD2648473600EC1FE3 /* BottomPopupTransitionHandler.swift */,
				267EABDE2648473600EC1FE3 /* BottomPopupPresentationController.swift */,
			);
			path = BottomPopupController;
			sourceTree = "<group>";
		};
		26D7ED6326443EB8003F3425 = {
			isa = PBXGroup;
			children = (
				26D7ED6E26443EB8003F3425 /* NewsFeedBot */,
				26D7ED6D26443EB8003F3425 /* Products */,
				6262A12460EE98A0AB0CDC11 /* Pods */,
				166DF9B3C179B8B49B45A765 /* Frameworks */,
			);
			sourceTree = "<group>";
		};
		26D7ED6D26443EB8003F3425 /* Products */ = {
			isa = PBXGroup;
			children = (
				26D7ED6C26443EB8003F3425 /* NewsFeedBot.app */,
			);
			name = Products;
			sourceTree = "<group>";
		};
		26D7ED6E26443EB8003F3425 /* NewsFeedBot */ = {
			isa = PBXGroup;
			children = (
				26D7ED6F26443EB8003F3425 /* AppDelegate.swift */,
				26D7ED7126443EB8003F3425 /* SceneDelegate.swift */,
				26D7ED7326443EB8003F3425 /* ViewController.swift */,
				26D7ED8326444064003F3425 /* ModerateViewController.swift */,
				267EABD62648473600EC1FE3 /* BottomPopupController */,
				26D7ED8826444202003F3425 /* Chat.swift */,
				26D7ED8726444202003F3425 /* Message.swift */,
				26D7ED852644406B003F3425 /* TestViewController.swift */,
				267EABE72648483600EC1FE3 /* RateViewController.swift */,
				267EABE926484A8500EC1FE3 /* SwiftlySlider.swift */,
				26D7ED7526443EB8003F3425 /* Main.storyboard */,
				26D7ED7826443EB8003F3425 /* Assets.xcassets */,
				26D7ED7A26443EB8003F3425 /* LaunchScreen.storyboard */,
				26D7ED7D26443EB8003F3425 /* Info.plist */,
			);
			path = NewsFeedBot;
			sourceTree = "<group>";
		};
		6262A12460EE98A0AB0CDC11 /* Pods */ = {
			isa = PBXGroup;
			children = (
				B204080E5C38D7B76567A532 /* Pods-NewsFeedBot.debug.xcconfig */,
				827C8D4C7B832BC6C762D507 /* Pods-NewsFeedBot.release.xcconfig */,
			);
			path = Pods;
			sourceTree = "<group>";
		};
/* End PBXGroup section */

/* Begin PBXNativeTarget section */
		26D7ED6B26443EB8003F3425 /* NewsFeedBot */ = {
			isa = PBXNativeTarget;
			buildConfigurationList = 26D7ED8026443EB8003F3425 /* Build configuration list for PBXNativeTarget "NewsFeedBot" */;
			buildPhases = (
				CF0B90666E5F03FA4261C417 /* [CP] Check Pods Manifest.lock */,
				26D7ED6826443EB8003F3425 /* Sources */,
				26D7ED6926443EB8003F3425 /* Frameworks */,
				26D7ED6A26443EB8003F3425 /* Resources */,
				00C437561EC087149075217A /* [CP] Embed Pods Frameworks */,
			);
			buildRules = (
			);
			dependencies = (
			);
			name = NewsFeedBot;
			productName = NewsFeedBot;
			productReference = 26D7ED6C26443EB8003F3425 /* NewsFeedBot.app */;
			productType = "com.apple.product-type.application";
		};
/* End PBXNativeTarget section */

/* Begin PBXProject section */
		26D7ED6426443EB8003F3425 /* Project object */ = {
			isa = PBXProject;
			attributes = {
				LastSwiftUpdateCheck = 1250;
				LastUpgradeCheck = 1250;
				TargetAttributes = {
					26D7ED6B26443EB8003F3425 = {
						CreatedOnToolsVersion = 12.5;
					};
				};
			};
			buildConfigurationList = 26D7ED6726443EB8003F3425 /* Build configuration list for PBXProject "NewsFeedBot" */;
			compatibilityVersion = "Xcode 9.3";
			developmentRegion = en;
			hasScannedForEncodings = 0;
			knownRegions = (
				en,
				Base,
			);
			mainGroup = 26D7ED6326443EB8003F3425;
			productRefGroup = 26D7ED6D26443EB8003F3425 /* Products */;
			projectDirPath = "";
			projectRoot = "";
			targets = (
				26D7ED6B26443EB8003F3425 /* NewsFeedBot */,
			);
		};
/* End PBXProject section */

/* Begin PBXResourcesBuildPhase section */
		26D7ED6A26443EB8003F3425 /* Resources */ = {
			isa = PBXResourcesBuildPhase;
			buildActionMask = 2147483647;
			files = (
				26D7ED7C26443EB8003F3425 /* LaunchScreen.storyboard in Resources */,
				26D7ED7926443EB8003F3425 /* Assets.xcassets in Resources */,
				26D7ED7726443EB8003F3425 /* Main.storyboard in Resources */,
			);
			runOnlyForDeploymentPostprocessing = 0;
		};
/* End PBXResourcesBuildPhase section */

/* Begin PBXShellScriptBuildPhase section */
		00C437561EC087149075217A /* [CP] Embed Pods Frameworks */ = {
			isa = PBXShellScriptBuildPhase;
			buildActionMask = 2147483647;
			files = (
			);
			inputFileListPaths = (
				"${PODS_ROOT}/Target Support Files/Pods-NewsFeedBot/Pods-NewsFeedBot-frameworks-${CONFIGURATION}-input-files.xcfilelist",
			);
			name = "[CP] Embed Pods Frameworks";
			outputFileListPaths = (
				"${PODS_ROOT}/Target Support Files/Pods-NewsFeedBot/Pods-NewsFeedBot-frameworks-${CONFIGURATION}-output-files.xcfilelist",
			);
			runOnlyForDeploymentPostprocessing = 0;
			shellPath = /bin/sh;
			shellScript = "\"${PODS_ROOT}/Target Support Files/Pods-NewsFeedBot/Pods-NewsFeedBot-frameworks.sh\"\n";
			showEnvVarsInLog = 0;
		};
		CF0B90666E5F03FA4261C417 /* [CP] Check Pods Manifest.lock */ = {
			isa = PBXShellScriptBuildPhase;
			buildActionMask = 2147483647;
			files = (
			);
			inputFileListPaths = (
			);
			inputPaths = (
				"${PODS_PODFILE_DIR_PATH}/Podfile.lock",
				"${PODS_ROOT}/Manifest.lock",
			);
			name = "[CP] Check Pods Manifest.lock";
			outputFileListPaths = (
			);
			outputPaths = (
				"$(DERIVED_FILE_DIR)/Pods-NewsFeedBot-checkManifestLockResult.txt",
			);
			runOnlyForDeploymentPostprocessing = 0;
			shellPath = /bin/sh;
			shellScript = "diff \"${PODS_PODFILE_DIR_PATH}/Podfile.lock\" \"${PODS_ROOT}/Manifest.lock\" > /dev/null\nif [ $? != 0 ] ; then\n    # print error to STDERR\n    echo \"error: The sandbox is not in sync with the Podfile.lock. Run 'pod install' or update your CocoaPods installation.\" >&2\n    exit 1\nfi\n# This output is used by Xcode 'outputs' to avoid re-running this script phase.\necho \"SUCCESS\" > \"${SCRIPT_OUTPUT_FILE_0}\"\n";
			showEnvVarsInLog = 0;
		};
/* End PBXShellScriptBuildPhase section */

/* Begin PBXSourcesBuildPhase section */
		26D7ED6826443EB8003F3425 /* Sources */ = {
			isa = PBXSourcesBuildPhase;
			buildActionMask = 2147483647;
			files = (
				26D7ED862644406B003F3425 /* TestViewController.swift in Sources */,
				267EABE52648473600EC1FE3 /* BottomPopupTransitionHandler.swift in Sources */,
				26D7ED7426443EB8003F3425 /* ViewController.swift in Sources */,
				26D7ED8A26444202003F3425 /* Chat.swift in Sources */,
				267EABDF2648473600EC1FE3 /* BottomPopupUtils.swift in Sources */,
				267EABEA26484A8500EC1FE3 /* SwiftlySlider.swift in Sources */,
				267EABE22648473600EC1FE3 /* BottomPopupNavigationController.swift in Sources */,
				26D7ED7026443EB8003F3425 /* AppDelegate.swift in Sources */,
				267EABE02648473600EC1FE3 /* BottomPopupViewController.swift in Sources */,
				26D7ED8926444202003F3425 /* Message.swift in Sources */,
				267EABE12648473600EC1FE3 /* BottomPopupDismissInteractionController.swift in Sources */,
				26D7ED7226443EB8003F3425 /* SceneDelegate.swift in Sources */,
				267EABE62648473600EC1FE3 /* BottomPopupPresentationController.swift in Sources */,
				267EABE32648473600EC1FE3 /* BottomPopupDismissAnimator.swift in Sources */,
				267EABE42648473600EC1FE3 /* BottomPopupPresentAnimator.swift in Sources */,
				267EABE82648483600EC1FE3 /* RateViewController.swift in Sources */,
				26D7ED8426444064003F3425 /* ModerateViewController.swift in Sources */,
			);
			runOnlyForDeploymentPostprocessing = 0;
		};
/* End PBXSourcesBuildPhase section */

/* Begin PBXVariantGroup section */
		26D7ED7526443EB8003F3425 /* Main.storyboard */ = {
			isa = PBXVariantGroup;
			children = (
				26D7ED7626443EB8003F3425 /* Base */,
			);
			name = Main.storyboard;
			sourceTree = "<group>";
		};
		26D7ED7A26443EB8003F3425 /* LaunchScreen.storyboard */ = {
			isa = PBXVariantGroup;
			children = (
				26D7ED7B26443EB8003F3425 /* Base */,
			);
			name = LaunchScreen.storyboard;
			sourceTree = "<group>";
		};
/* End PBXVariantGroup section */

/* Begin XCBuildConfiguration section */
		26D7ED7E26443EB8003F3425 /* Debug */ = {
			isa = XCBuildConfiguration;
			buildSettings = {
				ALWAYS_SEARCH_USER_PATHS = NO;
				CLANG_ANALYZER_NONNULL = YES;
				CLANG_ANALYZER_NUMBER_OBJECT_CONVERSION = YES_AGGRESSIVE;
				CLANG_CXX_LANGUAGE_STANDARD = "gnu++14";
				CLANG_CXX_LIBRARY = "libc++";
				CLANG_ENABLE_MODULES = YES;
				CLANG_ENABLE_OBJC_ARC = YES;
				CLANG_ENABLE_OBJC_WEAK = YES;
				CLANG_WARN_BLOCK_CAPTURE_AUTORELEASING = YES;
				CLANG_WARN_BOOL_CONVERSION = YES;
				CLANG_WARN_COMMA = YES;
				CLANG_WARN_CONSTANT_CONVERSION = YES;
				CLANG_WARN_DEPRECATED_OBJC_IMPLEMENTATIONS = YES;
				CLANG_WARN_DIRECT_OBJC_ISA_USAGE = YES_ERROR;
				CLANG_WARN_DOCUMENTATION_COMMENTS = YES;
				CLANG_WARN_EMPTY_BODY = YES;
				CLANG_WARN_ENUM_CONVERSION = YES;
				CLANG_WARN_INFINITE_RECURSION = YES;
				CLANG_WARN_INT_CONVERSION = YES;
				CLANG_WARN_NON_LITERAL_NULL_CONVERSION = YES;
				CLANG_WARN_OBJC_IMPLICIT_RETAIN_SELF = YES;
				CLANG_WARN_OBJC_LITERAL_CONVERSION = YES;
				CLANG_WARN_OBJC_ROOT_CLASS = YES_ERROR;
				CLANG_WARN_QUOTED_INCLUDE_IN_FRAMEWORK_HEADER = YES;
				CLANG_WARN_RANGE_LOOP_ANALYSIS = YES;
				CLANG_WARN_STRICT_PROTOTYPES = YES;
				CLANG_WARN_SUSPICIOUS_MOVE = YES;
				CLANG_WARN_UNGUARDED_AVAILABILITY = YES_AGGRESSIVE;
				CLANG_WARN_UNREACHABLE_CODE = YES;
				CLANG_WARN__DUPLICATE_METHOD_MATCH = YES;
				COPY_PHASE_STRIP = NO;
				DEBUG_INFORMATION_FORMAT = dwarf;
				ENABLE_STRICT_OBJC_MSGSEND = YES;
				ENABLE_TESTABILITY = YES;
				GCC_C_LANGUAGE_STANDARD = gnu11;
				GCC_DYNAMIC_NO_PIC = NO;
				GCC_NO_COMMON_BLOCKS = YES;
				GCC_OPTIMIZATION_LEVEL = 0;
				GCC_PREPROCESSOR_DEFINITIONS = (
					"DEBUG=1",
					"$(inherited)",
				);
				GCC_WARN_64_TO_32_BIT_CONVERSION = YES;
				GCC_WARN_ABOUT_RETURN_TYPE = YES_ERROR;
				GCC_WARN_UNDECLARED_SELECTOR = YES;
				GCC_WARN_UNINITIALIZED_AUTOS = YES_AGGRESSIVE;
				GCC_WARN_UNUSED_FUNCTION = YES;
				GCC_WARN_UNUSED_VARIABLE = YES;
				IPHONEOS_DEPLOYMENT_TARGET = 14.5;
				MTL_ENABLE_DEBUG_INFO = INCLUDE_SOURCE;
				MTL_FAST_MATH = YES;
				ONLY_ACTIVE_ARCH = YES;
				SDKROOT = iphoneos;
				SWIFT_ACTIVE_COMPILATION_CONDITIONS = DEBUG;
				SWIFT_OPTIMIZATION_LEVEL = "-Onone";
			};
			name = Debug;
		};
		26D7ED7F26443EB8003F3425 /* Release */ = {
			isa = XCBuildConfiguration;
			buildSettings = {
				ALWAYS_SEARCH_USER_PATHS = NO;
				CLANG_ANALYZER_NONNULL = YES;
				CLANG_ANALYZER_NUMBER_OBJECT_CONVERSION = YES_AGGRESSIVE;
				CLANG_CXX_LANGUAGE_STANDARD = "gnu++14";
				CLANG_CXX_LIBRARY = "libc++";
				CLANG_ENABLE_MODULES = YES;
				CLANG_ENABLE_OBJC_ARC = YES;
				CLANG_ENABLE_OBJC_WEAK = YES;
				CLANG_WARN_BLOCK_CAPTURE_AUTORELEASING = YES;
				CLANG_WARN_BOOL_CONVERSION = YES;
				CLANG_WARN_COMMA = YES;
				CLANG_WARN_CONSTANT_CONVERSION = YES;
				CLANG_WARN_DEPRECATED_OBJC_IMPLEMENTATIONS = YES;
				CLANG_WARN_DIRECT_OBJC_ISA_USAGE = YES_ERROR;
				CLANG_WARN_DOCUMENTATION_COMMENTS = YES;
				CLANG_WARN_EMPTY_BODY = YES;
				CLANG_WARN_ENUM_CONVERSION = YES;
				CLANG_WARN_INFINITE_RECURSION = YES;
				CLANG_WARN_INT_CONVERSION = YES;
				CLANG_WARN_NON_LITERAL_NULL_CONVERSION = YES;
				CLANG_WARN_OBJC_IMPLICIT_RETAIN_SELF = YES;
				CLANG_WARN_OBJC_LITERAL_CONVERSION = YES;
				CLANG_WARN_OBJC_ROOT_CLASS = YES_ERROR;
				CLANG_WARN_QUOTED_INCLUDE_IN_FRAMEWORK_HEADER = YES;
				CLANG_WARN_RANGE_LOOP_ANALYSIS = YES;
				CLANG_WARN_STRICT_PROTOTYPES = YES;
				CLANG_WARN_SUSPICIOUS_MOVE = YES;
				CLANG_WARN_UNGUARDED_AVAILABILITY = YES_AGGRESSIVE;
				CLANG_WARN_UNREACHABLE_CODE = YES;
				CLANG_WARN__DUPLICATE_METHOD_MATCH = YES;
				COPY_PHASE_STRIP = NO;
				DEBUG_INFORMATION_FORMAT = "dwarf-with-dsym";
				ENABLE_NS_ASSERTIONS = NO;
				ENABLE_STRICT_OBJC_MSGSEND = YES;
				GCC_C_LANGUAGE_STANDARD = gnu11;
				GCC_NO_COMMON_BLOCKS = YES;
				GCC_WARN_64_TO_32_BIT_CONVERSION = YES;
				GCC_WARN_ABOUT_RETURN_TYPE = YES_ERROR;
				GCC_WARN_UNDECLARED_SELECTOR = YES;
				GCC_WARN_UNINITIALIZED_AUTOS = YES_AGGRESSIVE;
				GCC_WARN_UNUSED_FUNCTION = YES;
				GCC_WARN_UNUSED_VARIABLE = YES;
				IPHONEOS_DEPLOYMENT_TARGET = 14.5;
				MTL_ENABLE_DEBUG_INFO = NO;
				MTL_FAST_MATH = YES;
				SDKROOT = iphoneos;
				SWIFT_COMPILATION_MODE = wholemodule;
				SWIFT_OPTIMIZATION_LEVEL = "-O";
				VALIDATE_PRODUCT = YES;
			};
			name = Release;
		};
		26D7ED8126443EB8003F3425 /* Debug */ = {
			isa = XCBuildConfiguration;
			baseConfigurationReference = B204080E5C38D7B76567A532 /* Pods-NewsFeedBot.debug.xcconfig */;
			buildSettings = {
				ASSETCATALOG_COMPILER_APPICON_NAME = AppIcon;
				ASSETCATALOG_COMPILER_GLOBAL_ACCENT_COLOR_NAME = AccentColor;
				CODE_SIGN_STYLE = Automatic;
				DEVELOPMENT_TEAM = CJG8NYLG53;
				INFOPLIST_FILE = NewsFeedBot/Info.plist;
				LD_RUNPATH_SEARCH_PATHS = (
					"$(inherited)",
					"@executable_path/Frameworks",
				);
				PRODUCT_BUNDLE_IDENTIFIER = snu.isc.NewsFeedBot;
				PRODUCT_NAME = "$(TARGET_NAME)";
				SWIFT_VERSION = 5.0;
				TARGETED_DEVICE_FAMILY = "1,2";
			};
			name = Debug;
		};
		26D7ED8226443EB8003F3425 /* Release */ = {
			isa = XCBuildConfiguration;
			baseConfigurationReference = 827C8D4C7B832BC6C762D507 /* Pods-NewsFeedBot.release.xcconfig */;
			buildSettings = {
				ASSETCATALOG_COMPILER_APPICON_NAME = AppIcon;
				ASSETCATALOG_COMPILER_GLOBAL_ACCENT_COLOR_NAME = AccentColor;
				CODE_SIGN_STYLE = Automatic;
				DEVELOPMENT_TEAM = CJG8NYLG53;
				INFOPLIST_FILE = NewsFeedBot/Info.plist;
				LD_RUNPATH_SEARCH_PATHS = (
					"$(inherited)",
					"@executable_path/Frameworks",
				);
				PRODUCT_BUNDLE_IDENTIFIER = snu.isc.NewsFeedBot;
				PRODUCT_NAME = "$(TARGET_NAME)";
				SWIFT_VERSION = 5.0;
				TARGETED_DEVICE_FAMILY = "1,2";
			};
			name = Release;
		};
/* End XCBuildConfiguration section */

/* Begin XCConfigurationList section */
		26D7ED6726443EB8003F3425 /* Build configuration list for PBXProject "NewsFeedBot" */ = {
			isa = XCConfigurationList;
			buildConfigurations = (
				26D7ED7E26443EB8003F3425 /* Debug */,
				26D7ED7F26443EB8003F3425 /* Release */,
			);
			defaultConfigurationIsVisible = 0;
			defaultConfigurationName = Release;
		};
		26D7ED8026443EB8003F3425 /* Build configuration list for PBXNativeTarget "NewsFeedBot" */ = {
			isa = XCConfigurationList;
			buildConfigurations = (
				26D7ED8126443EB8003F3425 /* Debug */,
				26D7ED8226443EB8003F3425 /* Release */,
			);
			defaultConfigurationIsVisible = 0;
			defaultConfigurationName = Release;
		};
/* End XCConfigurationList section */
	};
	rootObject = 26D7ED6426443EB8003F3425 /* Project object */;
}
